
Microsoft Visual Studio Solution File, Format Version 12.00
# Visual Studio 15
VisualStudioVersion = 15.0.26730.8
MinimumVisualStudioVersion = 10.0.40219.1
Project("{F184B08F-C81C-45F6-A57F-5ABD9991F28F}") = "Tetris", "Tetris\Tetris.vbproj", "{5EB37B73-333F-4EF6-931A-67B46905EF88}"
EndProject
Global
	GlobalSection(SolutionConfigurationPlatforms) = preSolution
		Debug|Any CPU = Debug|Any CPU
		Release|Any CPU = Release|Any CPU
	EndGlobalSection
	GlobalSection(ProjectConfigurationPlatforms) = postSolution
		{5EB37B73-333F-4EF6-931A-67B46905EF88}.Debug|Any CPU.ActiveCfg = Debug|Any CPU
		{5EB37B73-333F-4EF6-931A-67B46905EF88}.Debug|Any CPU.Build.0 = Debug|Any CPU
		{5EB37B73-333F-4EF6-931A-67B46905EF88}.Release|Any CPU.ActiveCfg = Release|Any CPU
		{5EB37B73-333F-4EF6-931A-67B46905EF88}.Release|Any CPU.Build.0 = Release|Any CPU
	EndGlobalSection
	GlobalSection(SolutionProperties) = preSolution
		HideSolutionNode = FALSE
	EndGlobalSection
	GlobalSection(ExtensibilityGlobals) = postSolution
		SolutionGuid = {FA409C48-14D2-4A5C-A4B9-ED3B398DFD68}
	EndGlobalSection
EndGlobal
